
Microsoft Visual Studio Solution File, Format Version 12.00
# Visual Studio Version 17
VisualStudioVersion = 17.8.34330.188
MinimumVisualStudioVersion = 10.0.40219.1
Project("{FAE04EC0-301F-11D3-BF4B-00C04F79EFBC}") = "YGOEditor", "YGOEditor.csproj", "{19CDE197-4706-4E00-9AC9-84AD6CC61857}"
EndProject
Global
	GlobalSection(SolutionConfigurationPlatforms) = preSolution
		Debug|Any CPU = Debug|Any CPU
		Release|Any CPU = Release|Any CPU
	EndGlobalSection
	GlobalSection(ProjectConfigurationPlatforms) = postSolution
		{19CDE197-4706-4E00-9AC9-84AD6CC61857}.Debug|Any CPU.ActiveCfg = Debug|Any CPU
		{19CDE197-4706-4E00-9AC9-84AD6CC61857}.Debug|Any CPU.Build.0 = Debug|Any CPU
		{19CDE197-4706-4E00-9AC9-84AD6CC61857}.Release|Any CPU.ActiveCfg = Release|Any CPU
		{19CDE197-4706-4E00-9AC9-84AD6CC61857}.Release|Any CPU.Build.0 = Release|Any CPU
	EndGlobalSection
	GlobalSection(SolutionProperties) = preSolution
		HideSolutionNode = FALSE
	EndGlobalSection
	GlobalSection(ExtensibilityGlobals) = postSolution
		SolutionGuid = {4D6AF80B-FB68-410D-8032-9C371D9E361D}
	EndGlobalSection
EndGlobal
